# This file is automatically @generated by Poetry 1.8.4 and should not be changed by hand.

[[package]]
name = "robotframework"
version = "7.1.1"
description = "Generic automation framework for acceptance testing and robotic process automation (RPA)"
optional = false
python-versions = ">=3.8"
files = [
    {file = "robotframework-7.1.1-py3-none-any.whl", hash = "sha256:0461360be00dfb8ce1ab3f42370fa6eea3779e41c0b8d79a1f8ddcd2ec8e3679"},
    {file = "robotframework-7.1.1.zip", hash = "sha256:f85919c68c4d0837006e5f09dde1ef689f082eba2e7e64d5758753f9ee8bfea9"},
]

[metadata]
lock-version = "2.0"
python-versions = "^3.12"
content-hash = "b668a8787ac25da1bef312c35949c361d21f403124ed3de69103808abe7cc032"
